
Microsoft Visual Studio Solution File, Format Version 12.00
# Visual Studio Version 16
VisualStudioVersion = 16.0.30114.105
MinimumVisualStudioVersion = 10.0.40219.1
Project("{F184B08F-C81C-45F6-A57F-5ABD9991F28F}") = "MyApp", "MyApp\MyApp.vbproj", "{BD0C7DB0-3318-40DC-81A6-8BB3ACA68174}"
EndProject
Global
	GlobalSection(SolutionConfigurationPlatforms) = preSolution
		Debug|Any CPU = Debug|Any CPU
		Release|Any CPU = Release|Any CPU
	EndGlobalSection
	GlobalSection(ProjectConfigurationPlatforms) = postSolution
		{BD0C7DB0-3318-40DC-81A6-8BB3ACA68174}.Debug|Any CPU.ActiveCfg = Debug|Any CPU
		{BD0C7DB0-3318-40DC-81A6-8BB3ACA68174}.Debug|Any CPU.Build.0 = Debug|Any CPU
		{BD0C7DB0-3318-40DC-81A6-8BB3ACA68174}.Release|Any CPU.ActiveCfg = Release|Any CPU
		{BD0C7DB0-3318-40DC-81A6-8BB3ACA68174}.Release|Any CPU.Build.0 = Release|Any CPU
	EndGlobalSection
	GlobalSection(SolutionProperties) = preSolution
		HideSolutionNode = FALSE
	EndGlobalSection
	GlobalSection(ExtensibilityGlobals) = postSolution
		SolutionGuid = {80558BEB-672D-4FD4-B1F1-CB1AF7403E1B}
	EndGlobalSection
EndGlobal
